
Microsoft Visual Studio Solution File, Format Version 12.00
# Visual Studio Version 17
VisualStudioVersion = 17.8.34322.80
MinimumVisualStudioVersion = 10.0.40219.1
Project("{9A19103F-16F7-4668-BE54-9A1E7A4F7556}") = "DayIncrease", "SunTgBot\DayIncrease.csproj", "{7F7744B0-F1C7-475D-8F49-91B732D79D82}"
EndProject
Global
	GlobalSection(SolutionConfigurationPlatforms) = preSolution
		Debug|Any CPU = Debug|Any CPU
		Release|Any CPU = Release|Any CPU
	EndGlobalSection
	GlobalSection(ProjectConfigurationPlatforms) = postSolution
		{7F7744B0-F1C7-475D-8F49-91B732D79D82}.Debug|Any CPU.ActiveCfg = Debug|Any CPU
		{7F7744B0-F1C7-475D-8F49-91B732D79D82}.Debug|Any CPU.Build.0 = Debug|Any CPU
		{7F7744B0-F1C7-475D-8F49-91B732D79D82}.Release|Any CPU.ActiveCfg = Release|Any CPU
		{7F7744B0-F1C7-475D-8F49-91B732D79D82}.Release|Any CPU.Build.0 = Release|Any CPU
	EndGlobalSection
	GlobalSection(SolutionProperties) = preSolution
		HideSolutionNode = FALSE
	EndGlobalSection
	GlobalSection(ExtensibilityGlobals) = postSolution
		SolutionGuid = {43B08A45-B2A4-41C8-9515-72575D7F45B0}
	EndGlobalSection
EndGlobal
